
Microsoft Visual Studio Solution File, Format Version 12.00
# Visual Studio Version 16
VisualStudioVersion = 16.0.31025.194
MinimumVisualStudioVersion = 10.0.40219.1
Project("{FAE04EC0-301F-11D3-BF4B-00C04F79EFBC}") = "TS AN LAB 5 (task1)", "TS AN LAB 5 (task1)\TS AN LAB 5 (task1).csproj", "{809F5857-3FE1-487B-9491-C7B69C4131FA}"
EndProject
Global
	GlobalSection(SolutionConfigurationPlatforms) = preSolution
		Debug|Any CPU = Debug|Any CPU
		Release|Any CPU = Release|Any CPU
	EndGlobalSection
	GlobalSection(ProjectConfigurationPlatforms) = postSolution
		{809F5857-3FE1-487B-9491-C7B69C4131FA}.Debug|Any CPU.ActiveCfg = Debug|Any CPU
		{809F5857-3FE1-487B-9491-C7B69C4131FA}.Debug|Any CPU.Build.0 = Debug|Any CPU
		{809F5857-3FE1-487B-9491-C7B69C4131FA}.Release|Any CPU.ActiveCfg = Release|Any CPU
		{809F5857-3FE1-487B-9491-C7B69C4131FA}.Release|Any CPU.Build.0 = Release|Any CPU
	EndGlobalSection
	GlobalSection(SolutionProperties) = preSolution
		HideSolutionNode = FALSE
	EndGlobalSection
	GlobalSection(ExtensibilityGlobals) = postSolution
		SolutionGuid = {4A532FAF-BD61-411A-B906-ADFDA831DFB8}
	EndGlobalSection
EndGlobal
